{
  "name": "sg-cycle-ops",
  "version": "0.1.0",
  "lockfileVersion": 3,
  "requires": true,
  "packages": {
    "": {
      "name": "sg-cycle-ops",
      "version": "0.1.0",
      "license": "MIT",
      "devDependencies": {
        "@tmcw/togeojson": "^5.8.1",
        "@xmldom/xmldom": "^0.8.10"
      },
      "engines": {
        "node": ">=20"
      }
    },
    "node_modules/@tmcw/togeojson": {
      "version": "5.8.1",
      "resolved": "https://registry.npmjs.org/@tmcw/togeojson/-/togeojson-5.8.1.tgz",
      "integrity": "sha512-2YNrbis3l5kS0XrYwiHEZcGwiRp0MJ5CvwGwtMWp2z2tsVlskeec2qgvKHnF0RCwI5GnjrrBOoKsWfndEnd3LA==",
      "dev": true,
      "license": "BSD-2-Clause",
      "engines": {
        "node": "*"
      },
      "peerDependencies": {
        "@types/geojson": "*"
      }
    },
    "node_modules/@types/geojson": {
      "version": "7946.0.16",
      "resolved": "https://registry.npmjs.org/@types/geojson/-/geojson-7946.0.16.tgz",
      "integrity": "sha512-6C8nqWur3j98U6+lXDfTUWIfgvZU+EumvpHKcYjujKH7woYyLj2sUmff0tRhrqM7BohUw7Pz3ZB1jj2gW9Fvmg==",
      "dev": true,
      "license": "MIT",
      "peer": true
    },
    "node_modules/@xmldom/xmldom": {
      "version": "0.8.13",
      "resolved": "https://registry.npmjs.org/@xmldom/xmldom/-/xmldom-0.8.13.tgz",
      "integrity": "sha512-KRYzxepc14G/CEpEGc3Yn+JKaAeT63smlDr+vjB8jRfgTBBI9wRj/nkQEO+ucV8p8I9bfKLWp37uHgFrbntPvw==",
      "dev": true,
      "license": "MIT",
      "engines": {
        "node": ">=10.0.0"
      }
    }
  }
}
